
Microsoft Visual Studio Solution File, Format Version 12.00
# Visual Studio Version 17
VisualStudioVersion = 17.11.35222.181
MinimumVisualStudioVersion = 10.0.40219.1
Project("{FAE04EC0-301F-11D3-BF4B-00C04F79EFBC}") = "Supermarket-mvp", "Supermarket-mvp\Supermarket-mvp.csproj", "{78EC0434-589D-414E-96AE-FF5F0BF708CC}"
EndProject
Global
	GlobalSection(SolutionConfigurationPlatforms) = preSolution
		Debug|Any CPU = Debug|Any CPU
		Release|Any CPU = Release|Any CPU
	EndGlobalSection
	GlobalSection(ProjectConfigurationPlatforms) = postSolution
		{78EC0434-589D-414E-96AE-FF5F0BF708CC}.Debug|Any CPU.ActiveCfg = Debug|Any CPU
		{78EC0434-589D-414E-96AE-FF5F0BF708CC}.Debug|Any CPU.Build.0 = Debug|Any CPU
		{78EC0434-589D-414E-96AE-FF5F0BF708CC}.Release|Any CPU.ActiveCfg = Release|Any CPU
		{78EC0434-589D-414E-96AE-FF5F0BF708CC}.Release|Any CPU.Build.0 = Release|Any CPU
	EndGlobalSection
	GlobalSection(SolutionProperties) = preSolution
		HideSolutionNode = FALSE
	EndGlobalSection
	GlobalSection(ExtensibilityGlobals) = postSolution
		SolutionGuid = {9B184BC2-4900-407A-BAC6-4A6ED5C7E7AE}
	EndGlobalSection
EndGlobal
